<?xml version="1.0" encoding="UTF-8"?>
<!DOCTYPE plist PUBLIC "-//Apple//DTD PLIST 1.0//EN" "http://www.apple.com/DTDs/PropertyList-1.0.dtd">
<plist version="1.0">
<dict>
	<key>archiveVersion</key>
	<string>1</string>
	<key>classes</key>
	<dict/>
	<key>objectVersion</key>
	<string>46</string>
	<key>objects</key>
	<dict>
		<key>02D73B479D96462D0F032767</key>
		<dict>
			<key>buildActionMask</key>
			<string>2147483647</string>
			<key>files</key>
			<array/>
			<key>inputPaths</key>
			<array/>
			<key>isa</key>
			<string>PBXShellScriptBuildPhase</string>
			<key>name</key>
			<string>Check Pods Manifest.lock</string>
			<key>outputPaths</key>
			<array/>
			<key>runOnlyForDeploymentPostprocessing</key>
			<string>0</string>
			<key>shellPath</key>
			<string>/bin/sh</string>
			<key>shellScript</key>
			<string>diff "${PODS_ROOT}/../Podfile.lock" "${PODS_ROOT}/Manifest.lock" &gt; /dev/null
if [[ $? != 0 ]] ; then
    cat &lt;&lt; EOM
error: The sandbox is not in sync with the Podfile.lock. Run 'pod install' or update your CocoaPods installation.
EOM
    exit 1
fi
</string>
			<key>showEnvVarsInLog</key>
			<string>0</string>
		</dict>
		<key>2C2C5BF5ACF8CDAF8E4E96AE</key>
		<dict>
			<key>fileRef</key>
			<string>C6AB93339AFD280F7DC56DBE</string>
			<key>isa</key>
			<string>PBXBuildFile</string>
		</dict>
		<key>35CF3FA1758E3BD7487D2435</key>
		<dict>
			<key>children</key>
			<array>
				<string>9F04EB0F8BC62210D5A87522</string>
				<string>8F4898B0606AA4E6F80275B1</string>
			</array>
			<key>isa</key>
			<string>PBXGroup</string>
			<key>name</key>
			<string>Pods</string>
			<key>sourceTree</key>
			<string>&lt;group&gt;</string>
		</dict>
		<key>42477DC05BAA66BE58A43543</key>
		<dict>
			<key>explicitFileType</key>
			<string>wrapper.framework</string>
			<key>includeInIndex</key>
			<string>0</string>
			<key>isa</key>
			<string>PBXFileReference</string>
			<key>path</key>
			<string>Pods_ZulipReader.framework</string>
			<key>sourceTree</key>
			<string>BUILT_PRODUCTS_DIR</string>
		</dict>
		<key>5C8E98633BCDDCEFAEEC1B78</key>
		<dict>
			<key>children</key>
			<array>
				<string>C6AB93339AFD280F7DC56DBE</string>
				<string>42477DC05BAA66BE58A43543</string>
			</array>
			<key>isa</key>
			<string>PBXGroup</string>
			<key>name</key>
			<string>Frameworks</string>
			<key>sourceTree</key>
			<string>&lt;group&gt;</string>
		</dict>
		<key>63D497D098F18F4716CE3954</key>
		<dict>
			<key>fileRef</key>
			<string>42477DC05BAA66BE58A43543</string>
			<key>isa</key>
			<string>PBXBuildFile</string>
		</dict>
		<key>670295011C1B65E500314A04</key>
		<dict>
			<key>fileEncoding</key>
			<string>4</string>
			<key>isa</key>
			<string>PBXFileReference</string>
			<key>lastKnownFileType</key>
			<string>sourcecode.swift</string>
			<key>path</key>
			<string>StreamExtendedCell.swift</string>
			<key>sourceTree</key>
			<string>&lt;group&gt;</string>
		</dict>
		<key>670295021C1B65E500314A04</key>
		<dict>
			<key>fileRef</key>
			<string>670295011C1B65E500314A04</string>
			<key>isa</key>
			<string>PBXBuildFile</string>
		</dict>
		<key>67108EB21CD07B8A0004486A</key>
		<dict>
			<key>fileEncoding</key>
			<string>4</string>
			<key>isa</key>
			<string>PBXFileReference</string>
			<key>lastKnownFileType</key>
			<string>sourcecode.swift</string>
			<key>path</key>
			<string>TextMunger.swift</string>
			<key>sourceTree</key>
			<string>&lt;group&gt;</string>
		</dict>
		<key>67108EB31CD07B8A0004486A</key>
		<dict>
			<key>fileRef</key>
			<string>67108EB21CD07B8A0004486A</string>
			<key>isa</key>
			<string>PBXBuildFile</string>
		</dict>
		<key>67108EB41CD088910004486A</key>
		<dict>
			<key>fileEncoding</key>
			<string>4</string>
			<key>isa</key>
			<string>PBXFileReference</string>
			<key>lastKnownFileType</key>
			<string>file.xib</string>
			<key>path</key>
			<string>SideMenuTitle.xib</string>
			<key>sourceTree</key>
			<string>&lt;group&gt;</string>
		</dict>
		<key>67108EB51CD088910004486A</key>
		<dict>
			<key>fileRef</key>
			<string>67108EB41CD088910004486A</string>
			<key>isa</key>
			<string>PBXBuildFile</string>
		</dict>
		<key>67108EB61CD0889C0004486A</key>
		<dict>
			<key>fileEncoding</key>
			<string>4</string>
			<key>isa</key>
			<string>PBXFileReference</string>
			<key>lastKnownFileType</key>
			<string>sourcecode.swift</string>
			<key>path</key>
			<string>SideMenuTitle.swift</string>
			<key>sourceTree</key>
			<string>&lt;group&gt;</string>
		</dict>
		<key>67108EB71CD0889C0004486A</key>
		<dict>
			<key>fileRef</key>
			<string>67108EB61CD0889C0004486A</string>
			<key>isa</key>
			<string>PBXBuildFile</string>
		</dict>
		<key>67166ED71CC2D0EF002D0E12</key>
		<dict>
			<key>fileEncoding</key>
			<string>4</string>
			<key>isa</key>
			<string>PBXFileReference</string>
			<key>lastKnownFileType</key>
			<string>sourcecode.swift</string>
			<key>path</key>
			<string>NotificationNavViewController.swift</string>
			<key>sourceTree</key>
			<string>&lt;group&gt;</string>
		</dict>
		<key>67166ED81CC2D0EF002D0E12</key>
		<dict>
			<key>fileRef</key>
			<string>67166ED71CC2D0EF002D0E12</string>
			<key>isa</key>
			<string>PBXBuildFile</string>
		</dict>
		<key>67195EA51CA073C80079C4D5</key>
		<dict>
			<key>fileEncoding</key>
			<string>4</string>
			<key>isa</key>
			<string>PBXFileReference</string>
			<key>lastKnownFileType</key>
			<string>sourcecode.swift</string>
			<key>path</key>
			<string>URLToMessageArray.swift</string>
			<key>sourceTree</key>
			<string>&lt;group&gt;</string>
		</dict>
		<key>67195EA61CA073C80079C4D5</key>
		<dict>
			<key>fileRef</key>
			<string>67195EA51CA073C80079C4D5</string>
			<key>isa</key>
			<string>PBXBuildFile</string>
		</dict>
		<key>673251741C0A5D85009A546C</key>
		<dict>
			<key>fileEncoding</key>
			<string>4</string>
			<key>isa</key>
			<string>PBXFileReference</string>
			<key>lastKnownFileType</key>
			<string>sourcecode.swift</string>
			<key>path</key>
			<string>DataController.swift</string>
			<key>sourceTree</key>
			<string>&lt;group&gt;</string>
		</dict>
		<key>673251751C0A5D85009A546C</key>
		<dict>
			<key>fileRef</key>
			<string>673251741C0A5D85009A546C</string>
			<key>isa</key>
			<string>PBXBuildFile</string>
		</dict>
		<key>673251761C0A7154009A546C</key>
		<dict>
			<key>fileEncoding</key>
			<string>4</string>
			<key>isa</key>
			<string>PBXFileReference</string>
			<key>lastKnownFileType</key>
			<string>sourcecode.swift</string>
			<key>path</key>
			<string>StreamController.swift</string>
			<key>sourceTree</key>
			<string>&lt;group&gt;</string>
		</dict>
		<key>673251771C0A7154009A546C</key>
		<dict>
			<key>fileRef</key>
			<string>673251761C0A7154009A546C</string>
			<key>isa</key>
			<string>PBXBuildFile</string>
		</dict>
		<key>674EDAD81C8746C300FCAE67</key>
		<dict>
			<key>fileEncoding</key>
			<string>4</string>
			<key>isa</key>
			<string>PBXFileReference</string>
			<key>lastKnownFileType</key>
			<string>sourcecode.swift</string>
			<key>path</key>
			<string>DataStructures.swift</string>
			<key>sourceTree</key>
			<string>&lt;group&gt;</string>
		</dict>
		<key>674EDAD91C8746C300FCAE67</key>
		<dict>
			<key>fileRef</key>
			<string>674EDAD81C8746C300FCAE67</string>
			<key>isa</key>
			<string>PBXBuildFile</string>
		</dict>
		<key>675883351CA1D9FF006EC2D0</key>
		<dict>
			<key>fileEncoding</key>
			<string>4</string>
			<key>isa</key>
			<string>PBXFileReference</string>
			<key>lastKnownFileType</key>
			<string>sourcecode.swift</string>
			<key>path</key>
			<string>MessageArrayToTableCellArray.swift</string>
			<key>sourceTree</key>
			<string>&lt;group&gt;</string>
		</dict>
		<key>675883361CA1D9FF006EC2D0</key>
		<dict>
			<key>fileRef</key>
			<string>675883351CA1D9FF006EC2D0</string>
			<key>isa</key>
			<string>PBXBuildFile</string>
		</dict>
		<key>676C98441BFD69360042CB26</key>
		<dict>
			<key>fileEncoding</key>
			<string>4</string>
			<key>isa</key>
			<string>PBXFileReference</string>
			<key>lastKnownFileType</key>
			<string>sourcecode.swift</string>
			<key>path</key>
			<string>LoginController.swift</string>
			<key>sourceTree</key>
			<string>&lt;group&gt;</string>
		</dict>
		<key>676C98451BFD69360042CB26</key>
		<dict>
			<key>fileRef</key>
			<string>676C98441BFD69360042CB26</string>
			<key>isa</key>
			<string>PBXBuildFile</string>
		</dict>
		<key>677F6AEE1C752D04005EB84E</key>
		<dict>
			<key>fileEncoding</key>
			<string>4</string>
			<key>isa</key>
			<string>PBXFileReference</string>
			<key>lastKnownFileType</key>
			<string>sourcecode.swift</string>
			<key>path</key>
			<string>Futures.swift</string>
			<key>sourceTree</key>
			<string>&lt;group&gt;</string>
		</dict>
		<key>677F6AEF1C752D04005EB84E</key>
		<dict>
			<key>fileRef</key>
			<string>677F6AEE1C752D04005EB84E</string>
			<key>isa</key>
			<string>PBXBuildFile</string>
		</dict>
		<key>6785E7A31C6D05CD008ED151</key>
		<dict>
			<key>fileEncoding</key>
			<string>4</string>
			<key>isa</key>
			<string>PBXFileReference</string>
			<key>lastKnownFileType</key>
			<string>sourcecode.swift</string>
			<key>path</key>
			<string>Message.swift</string>
			<key>sourceTree</key>
			<string>&lt;group&gt;</string>
		</dict>
		<key>6785E7A41C6D05CD008ED151</key>
		<dict>
			<key>fileRef</key>
			<string>6785E7A31C6D05CD008ED151</string>
			<key>isa</key>
			<string>PBXBuildFile</string>
		</dict>
		<key>6788F2AE1C7BCD5800AC1D71</key>
		<dict>
			<key>fileEncoding</key>
			<string>4</string>
			<key>isa</key>
			<string>PBXFileReference</string>
			<key>lastKnownFileType</key>
			<string>sourcecode.swift</string>
			<key>path</key>
			<string>UITableViewCellExtension.swift</string>
			<key>sourceTree</key>
			<string>&lt;group&gt;</string>
		</dict>
		<key>6788F2AF1C7BCD5800AC1D71</key>
		<dict>
			<key>fileRef</key>
			<string>6788F2AE1C7BCD5800AC1D71</string>
			<key>isa</key>
			<string>PBXBuildFile</string>
		</dict>
		<key>678A6BB41C0FA1E100AE091B</key>
		<dict>
			<key>fileEncoding</key>
			<string>4</string>
			<key>isa</key>
			<string>PBXFileReference</string>
			<key>lastKnownFileType</key>
			<string>sourcecode.swift</string>
			<key>path</key>
			<string>StreamHeaderNavCell.swift</string>
			<key>sourceTree</key>
			<string>&lt;group&gt;</string>
		</dict>
		<key>678A6BB51C0FA1E100AE091B</key>
		<dict>
			<key>fileRef</key>
			<string>678A6BB41C0FA1E100AE091B</string>
			<key>isa</key>
			<string>PBXBuildFile</string>
		</dict>
		<key>678A6BB61C10EBA200AE091B</key>
		<dict>
			<key>fileEncoding</key>
			<string>4</string>
			<key>isa</key>
			<string>PBXFileReference</string>
			<key>lastKnownFileType</key>
			<string>sourcecode.swift</string>
			<key>path</key>
			<string>TableCell.swift</string>
			<key>sourceTree</key>
			<string>&lt;group&gt;</string>
		</dict>
		<key>678A6BB71C10EBA200AE091B</key>
		<dict>
			<key>fileRef</key>
			<string>678A6BB61C10EBA200AE091B</string>
			<key>isa</key>
			<string>PBXBuildFile</string>
		</dict>
		<key>678A6BD21C12279700AE091B</key>
		<dict>
			<key>isa</key>
			<string>PBXFileReference</string>
			<key>lastKnownFileType</key>
			<string>file</string>
			<key>path</key>
			<string>SourceSansPro-Black-webfont.ttf</string>
			<key>sourceTree</key>
			<string>&lt;group&gt;</string>
		</dict>
		<key>678A6BD31C12279700AE091B</key>
		<dict>
			<key>isa</key>
			<string>PBXFileReference</string>
			<key>lastKnownFileType</key>
			<string>file</string>
			<key>path</key>
			<string>SourceSansPro-BlackIt-webfont.ttf</string>
			<key>sourceTree</key>
			<string>&lt;group&gt;</string>
		</dict>
		<key>678A6BD41C12279700AE091B</key>
		<dict>
			<key>isa</key>
			<string>PBXFileReference</string>
			<key>lastKnownFileType</key>
			<string>file</string>
			<key>path</key>
			<string>SourceSansPro-Bold-webfont.ttf</string>
			<key>sourceTree</key>
			<string>&lt;group&gt;</string>
		</dict>
		<key>678A6BD51C12279700AE091B</key>
		<dict>
			<key>isa</key>
			<string>PBXFileReference</string>
			<key>lastKnownFileType</key>
			<string>file</string>
			<key>path</key>
			<string>SourceSansPro-BoldIt-webfont.ttf</string>
			<key>sourceTree</key>
			<string>&lt;group&gt;</string>
		</dict>
		<key>678A6BD61C12279700AE091B</key>
		<dict>
			<key>isa</key>
			<string>PBXFileReference</string>
			<key>lastKnownFileType</key>
			<string>file</string>
			<key>path</key>
			<string>SourceSansPro-ExtraLight-webfont.ttf</string>
			<key>sourceTree</key>
			<string>&lt;group&gt;</string>
		</dict>
		<key>678A6BD71C12279700AE091B</key>
		<dict>
			<key>isa</key>
			<string>PBXFileReference</string>
			<key>lastKnownFileType</key>
			<string>file</string>
			<key>path</key>
			<string>SourceSansPro-ExtraLightIt-webfont.ttf</string>
			<key>sourceTree</key>
			<string>&lt;group&gt;</string>
		</dict>
		<key>678A6BD81C12279700AE091B</key>
		<dict>
			<key>isa</key>
			<string>PBXFileReference</string>
			<key>lastKnownFileType</key>
			<string>file</string>
			<key>path</key>
			<string>SourceSansPro-It-webfont.ttf</string>
			<key>sourceTree</key>
			<string>&lt;group&gt;</string>
		</dict>
		<key>678A6BD91C12279700AE091B</key>
		<dict>
			<key>isa</key>
			<string>PBXFileReference</string>
			<key>lastKnownFileType</key>
			<string>file</string>
			<key>path</key>
			<string>SourceSansPro-Light-webfont.ttf</string>
			<key>sourceTree</key>
			<string>&lt;group&gt;</string>
		</dict>
		<key>678A6BDA1C12279700AE091B</key>
		<dict>
			<key>isa</key>
			<string>PBXFileReference</string>
			<key>lastKnownFileType</key>
			<string>file</string>
			<key>path</key>
			<string>SourceSansPro-LightIt-webfont.ttf</string>
			<key>sourceTree</key>
			<string>&lt;group&gt;</string>
		</dict>
		<key>678A6BDB1C12279700AE091B</key>
		<dict>
			<key>isa</key>
			<string>PBXFileReference</string>
			<key>lastKnownFileType</key>
			<string>file</string>
			<key>path</key>
			<string>SourceSansPro-Regular-webfont.ttf</string>
			<key>sourceTree</key>
			<string>&lt;group&gt;</string>
		</dict>
		<key>678A6BDC1C12279700AE091B</key>
		<dict>
			<key>isa</key>
			<string>PBXFileReference</string>
			<key>lastKnownFileType</key>
			<string>file</string>
			<key>path</key>
			<string>SourceSansPro-Semibold-webfont.ttf</string>
			<key>sourceTree</key>
			<string>&lt;group&gt;</string>
		</dict>
		<key>678A6BDD1C12279700AE091B</key>
		<dict>
			<key>isa</key>
			<string>PBXFileReference</string>
			<key>lastKnownFileType</key>
			<string>file</string>
			<key>path</key>
			<string>SourceSansPro-SemiboldIt-webfont.ttf</string>
			<key>sourceTree</key>
			<string>&lt;group&gt;</string>
		</dict>
		<key>678A6BDE1C12279700AE091B</key>
		<dict>
			<key>fileRef</key>
			<string>678A6BD21C12279700AE091B</string>
			<key>isa</key>
			<string>PBXBuildFile</string>
		</dict>
		<key>678A6BDF1C12279700AE091B</key>
		<dict>
			<key>fileRef</key>
			<string>678A6BD31C12279700AE091B</string>
			<key>isa</key>
			<string>PBXBuildFile</string>
		</dict>
		<key>678A6BE01C12279700AE091B</key>
		<dict>
			<key>fileRef</key>
			<string>678A6BD41C12279700AE091B</string>
			<key>isa</key>
			<string>PBXBuildFile</string>
		</dict>
		<key>678A6BE11C12279700AE091B</key>
		<dict>
			<key>fileRef</key>
			<string>678A6BD51C12279700AE091B</string>
			<key>isa</key>
			<string>PBXBuildFile</string>
		</dict>
		<key>678A6BE21C12279700AE091B</key>
		<dict>
			<key>fileRef</key>
			<string>678A6BD61C12279700AE091B</string>
			<key>isa</key>
			<string>PBXBuildFile</string>
		</dict>
		<key>678A6BE31C12279700AE091B</key>
		<dict>
			<key>fileRef</key>
			<string>678A6BD71C12279700AE091B</string>
			<key>isa</key>
			<string>PBXBuildFile</string>
		</dict>
		<key>678A6BE41C12279700AE091B</key>
		<dict>
			<key>fileRef</key>
			<string>678A6BD81C12279700AE091B</string>
			<key>isa</key>
			<string>PBXBuildFile</string>
		</dict>
		<key>678A6BE51C12279700AE091B</key>
		<dict>
			<key>fileRef</key>
			<string>678A6BD91C12279700AE091B</string>
			<key>isa</key>
			<string>PBXBuildFile</string>
		</dict>
		<key>678A6BE61C12279700AE091B</key>
		<dict>
			<key>fileRef</key>
			<string>678A6BDA1C12279700AE091B</string>
			<key>isa</key>
			<string>PBXBuildFile</string>
		</dict>
		<key>678A6BE71C12279700AE091B</key>
		<dict>
			<key>fileRef</key>
			<string>678A6BDB1C12279700AE091B</string>
			<key>isa</key>
			<string>PBXBuildFile</string>
		</dict>
		<key>678A6BE81C12279700AE091B</key>
		<dict>
			<key>fileRef</key>
			<string>678A6BDC1C12279700AE091B</string>
			<key>isa</key>
			<string>PBXBuildFile</string>
		</dict>
		<key>678A6BE91C12279700AE091B</key>
		<dict>
			<key>fileRef</key>
			<string>678A6BDD1C12279700AE091B</string>
			<key>isa</key>
			<string>PBXBuildFile</string>
		</dict>
		<key>678A6BEA1C1227AD00AE091B</key>
		<dict>
			<key>children</key>
			<array>
				<string>678A6BD21C12279700AE091B</string>
				<string>678A6BD31C12279700AE091B</string>
				<string>678A6BD41C12279700AE091B</string>
				<string>678A6BD51C12279700AE091B</string>
				<string>678A6BD61C12279700AE091B</string>
				<string>678A6BD71C12279700AE091B</string>
				<string>678A6BD81C12279700AE091B</string>
				<string>678A6BD91C12279700AE091B</string>
				<string>678A6BDA1C12279700AE091B</string>
				<string>678A6BDB1C12279700AE091B</string>
				<string>678A6BDC1C12279700AE091B</string>
				<string>678A6BDD1C12279700AE091B</string>
			</array>
			<key>isa</key>
			<string>PBXGroup</string>
			<key>name</key>
			<string>Fonts</string>
			<key>sourceTree</key>
			<string>&lt;group&gt;</string>
		</dict>
		<key>67A1A8AE1C03AC2F00CCA40D</key>
		<dict>
			<key>fileEncoding</key>
			<string>4</string>
			<key>isa</key>
			<string>PBXFileReference</string>
			<key>lastKnownFileType</key>
			<string>sourcecode.swift</string>
			<key>path</key>
			<string>StreamCell.swift</string>
			<key>sourceTree</key>
			<string>&lt;group&gt;</string>
		</dict>
		<key>67A1A8AF1C03AC2F00CCA40D</key>
		<dict>
			<key>fileRef</key>
			<string>67A1A8AE1C03AC2F00CCA40D</string>
			<key>isa</key>
			<string>PBXBuildFile</string>
		</dict>
		<key>67A1A8B01C03B6BF00CCA40D</key>
		<dict>
			<key>fileEncoding</key>
			<string>4</string>
			<key>isa</key>
			<string>PBXFileReference</string>
			<key>lastKnownFileType</key>
			<string>sourcecode.swift</string>
			<key>path</key>
			<string>StreamTableViewController.swift</string>
			<key>sourceTree</key>
			<string>&lt;group&gt;</string>
		</dict>
		<key>67A1A8B11C03B6BF00CCA40D</key>
		<dict>
			<key>fileRef</key>
			<string>67A1A8B01C03B6BF00CCA40D</string>
			<key>isa</key>
			<string>PBXBuildFile</string>
		</dict>
		<key>67A9DA7E1C1CCED900AEEF1B</key>
		<dict>
			<key>fileEncoding</key>
			<string>4</string>
			<key>isa</key>
			<string>PBXFileReference</string>
			<key>lastKnownFileType</key>
			<string>sourcecode.c.h</string>
			<key>path</key>
			<string>ZulipReader-Bridging-Header.h</string>
			<key>sourceTree</key>
			<string>&lt;group&gt;</string>
		</dict>
		<key>67A9DA831C1E0F5800AEEF1B</key>
		<dict>
			<key>fileEncoding</key>
			<string>4</string>
			<key>isa</key>
			<string>PBXFileReference</string>
			<key>lastKnownFileType</key>
			<string>file.xib</string>
			<key>path</key>
			<string>StreamCell.xib</string>
			<key>sourceTree</key>
			<string>&lt;group&gt;</string>
		</dict>
		<key>67A9DA841C1E0F5800AEEF1B</key>
		<dict>
			<key>fileRef</key>
			<string>67A9DA831C1E0F5800AEEF1B</string>
			<key>isa</key>
			<string>PBXBuildFile</string>
		</dict>
		<key>67A9DA851C1E14E400AEEF1B</key>
		<dict>
			<key>fileEncoding</key>
			<string>4</string>
			<key>isa</key>
			<string>PBXFileReference</string>
			<key>lastKnownFileType</key>
			<string>file.xib</string>
			<key>path</key>
			<string>StreamHeaderNavCell.xib</string>
			<key>sourceTree</key>
			<string>&lt;group&gt;</string>
		</dict>
		<key>67A9DA861C1E14E400AEEF1B</key>
		<dict>
			<key>fileRef</key>
			<string>67A9DA851C1E14E400AEEF1B</string>
			<key>isa</key>
			<string>PBXBuildFile</string>
		</dict>
		<key>67A9DA871C1E1C5100AEEF1B</key>
		<dict>
			<key>fileEncoding</key>
			<string>4</string>
			<key>isa</key>
			<string>PBXFileReference</string>
			<key>lastKnownFileType</key>
			<string>file.xib</string>
			<key>path</key>
			<string>StreamExtendedCell.xib</string>
			<key>sourceTree</key>
			<string>&lt;group&gt;</string>
		</dict>
		<key>67A9DA881C1E1C5100AEEF1B</key>
		<dict>
			<key>fileRef</key>
			<string>67A9DA871C1E1C5100AEEF1B</string>
			<key>isa</key>
			<string>PBXBuildFile</string>
		</dict>
		<key>67A9DA891C1E934400AEEF1B</key>
		<dict>
			<key>fileEncoding</key>
			<string>4</string>
			<key>isa</key>
			<string>PBXFileReference</string>
			<key>lastKnownFileType</key>
			<string>sourcecode.swift</string>
			<key>path</key>
			<string>StreamHeaderPrivateCell.swift</string>
			<key>sourceTree</key>
			<string>&lt;group&gt;</string>
		</dict>
		<key>67A9DA8A1C1E934400AEEF1B</key>
		<dict>
			<key>fileRef</key>
			<string>67A9DA891C1E934400AEEF1B</string>
			<key>isa</key>
			<string>PBXBuildFile</string>
		</dict>
		<key>67A9DA8B1C1E93CC00AEEF1B</key>
		<dict>
			<key>fileEncoding</key>
			<string>4</string>
			<key>isa</key>
			<string>PBXFileReference</string>
			<key>lastKnownFileType</key>
			<string>file.xib</string>
			<key>path</key>
			<string>StreamHeaderPrivateCell.xib</string>
			<key>sourceTree</key>
			<string>&lt;group&gt;</string>
		</dict>
		<key>67A9DA8C1C1E93CC00AEEF1B</key>
		<dict>
			<key>fileRef</key>
			<string>67A9DA8B1C1E93CC00AEEF1B</string>
			<key>isa</key>
			<string>PBXBuildFile</string>
		</dict>
		<key>67A9DA8D1C1F544700AEEF1B</key>
		<dict>
			<key>children</key>
			<array>
				<string>67FFF1C21CC9DA4100447E6C</string>
				<string>67108EB41CD088910004486A</string>
				<string>67FFF1C41CC9E21400447E6C</string>
				<string>67108EB61CD0889C0004486A</string>
				<string>67D1F1C01BFA6AEA006F9468</string>
				<string>67A9DA991C20D81900AEEF1B</string>
				<string>67A1A8AE1C03AC2F00CCA40D</string>
				<string>678A6BB41C0FA1E100AE091B</string>
				<string>67A9DA891C1E934400AEEF1B</string>
				<string>670295011C1B65E500314A04</string>
				<string>6788F2AE1C7BCD5800AC1D71</string>
				<string>67A9DA8B1C1E93CC00AEEF1B</string>
				<string>67A9DA871C1E1C5100AEEF1B</string>
				<string>67A9DA831C1E0F5800AEEF1B</string>
				<string>67A9DA851C1E14E400AEEF1B</string>
				<string>67BE80141C890CC00004D544</string>
				<string>67C582B01C8B452E005D0C47</string>
			</array>
			<key>isa</key>
			<string>PBXGroup</string>
			<key>name</key>
			<string>StreamTableViews</string>
			<key>sourceTree</key>
			<string>&lt;group&gt;</string>
		</dict>
		<key>67A9DA8E1C1F546600AEEF1B</key>
		<dict>
			<key>children</key>
			<array>
				<string>676C98441BFD69360042CB26</string>
				<string>67D1F1B91BFA6AEA006F9468</string>
			</array>
			<key>isa</key>
			<string>PBXGroup</string>
			<key>name</key>
			<string>Login</string>
			<key>sourceTree</key>
			<string>&lt;group&gt;</string>
		</dict>
		<key>67A9DA931C209D2300AEEF1B</key>
		<dict>
			<key>fileEncoding</key>
			<string>4</string>
			<key>isa</key>
			<string>PBXFileReference</string>
			<key>lastKnownFileType</key>
			<string>sourcecode.c.h</string>
			<key>path</key>
			<string>SWRevealViewController.h</string>
			<key>sourceTree</key>
			<string>&lt;group&gt;</string>
		</dict>
		<key>67A9DA941C209D2300AEEF1B</key>
		<dict>
			<key>fileEncoding</key>
			<string>4</string>
			<key>isa</key>
			<string>PBXFileReference</string>
			<key>lastKnownFileType</key>
			<string>sourcecode.c.objc</string>
			<key>path</key>
			<string>SWRevealViewController.m</string>
			<key>sourceTree</key>
			<string>&lt;group&gt;</string>
		</dict>
		<key>67A9DA951C209D2300AEEF1B</key>
		<dict>
			<key>fileRef</key>
			<string>67A9DA941C209D2300AEEF1B</string>
			<key>isa</key>
			<string>PBXBuildFile</string>
		</dict>
		<key>67A9DA961C209D4600AEEF1B</key>
		<dict>
			<key>children</key>
			<array>
				<string>67A9DA931C209D2300AEEF1B</string>
				<string>67A9DA941C209D2300AEEF1B</string>
			</array>
			<key>isa</key>
			<string>PBXGroup</string>
			<key>name</key>
			<string>SWRevealViewController</string>
			<key>sourceTree</key>
			<string>&lt;group&gt;</string>
		</dict>
		<key>67A9DA971C20ACBA00AEEF1B</key>
		<dict>
			<key>fileEncoding</key>
			<string>4</string>
			<key>isa</key>
			<string>PBXFileReference</string>
			<key>lastKnownFileType</key>
			<string>sourcecode.swift</string>
			<key>path</key>
			<string>SideMenuTableViewController.swift</string>
			<key>sourceTree</key>
			<string>&lt;group&gt;</string>
		</dict>
		<key>67A9DA981C20ACBA00AEEF1B</key>
		<dict>
			<key>fileRef</key>
			<string>67A9DA971C20ACBA00AEEF1B</string>
			<key>isa</key>
			<string>PBXBuildFile</string>
		</dict>
		<key>67A9DA991C20D81900AEEF1B</key>
		<dict>
			<key>fileEncoding</key>
			<string>4</string>
			<key>isa</key>
			<string>PBXFileReference</string>
			<key>lastKnownFileType</key>
			<string>sourcecode.swift</string>
			<key>path</key>
			<string>SideMenuCell.swift</string>
			<key>sourceTree</key>
			<string>&lt;group&gt;</string>
		</dict>
		<key>67A9DA9A1C20D81900AEEF1B</key>
		<dict>
			<key>fileRef</key>
			<string>67A9DA991C20D81900AEEF1B</string>
			<key>isa</key>
			<string>PBXBuildFile</string>
		</dict>
		<key>67AA647C1CCFC4A500B7726A</key>
		<dict>
			<key>children</key>
			<array>
				<string>675883351CA1D9FF006EC2D0</string>
				<string>67195EA51CA073C80079C4D5</string>
				<string>67B91B981CA3595900C87409</string>
			</array>
			<key>isa</key>
			<string>PBXGroup</string>
			<key>name</key>
			<string>NSOperation</string>
			<key>sourceTree</key>
			<string>&lt;group&gt;</string>
		</dict>
		<key>67B91B961CA33F0800C87409</key>
		<dict>
			<key>fileEncoding</key>
			<string>4</string>
			<key>isa</key>
			<string>PBXFileReference</string>
			<key>lastKnownFileType</key>
			<string>sourcecode.swift</string>
			<key>path</key>
			<string>RegistrationController.swift</string>
			<key>sourceTree</key>
			<string>&lt;group&gt;</string>
		</dict>
		<key>67B91B971CA33F0800C87409</key>
		<dict>
			<key>fileRef</key>
			<string>67B91B961CA33F0800C87409</string>
			<key>isa</key>
			<string>PBXBuildFile</string>
		</dict>
		<key>67B91B981CA3595900C87409</key>
		<dict>
			<key>fileEncoding</key>
			<string>4</string>
			<key>isa</key>
			<string>PBXFileReference</string>
			<key>lastKnownFileType</key>
			<string>sourcecode.swift</string>
			<key>path</key>
			<string>NetworkOperation.swift</string>
			<key>sourceTree</key>
			<string>&lt;group&gt;</string>
		</dict>
		<key>67B91B991CA3595900C87409</key>
		<dict>
			<key>fileRef</key>
			<string>67B91B981CA3595900C87409</string>
			<key>isa</key>
			<string>PBXBuildFile</string>
		</dict>
		<key>67BE80141C890CC00004D544</key>
		<dict>
			<key>fileEncoding</key>
			<string>4</string>
			<key>isa</key>
			<string>PBXFileReference</string>
			<key>lastKnownFileType</key>
			<string>file.xib</string>
			<key>path</key>
			<string>SideMenuCell.xib</string>
			<key>sourceTree</key>
			<string>&lt;group&gt;</string>
		</dict>
		<key>67BE80151C890CC00004D544</key>
		<dict>
			<key>fileRef</key>
			<string>67BE80141C890CC00004D544</string>
			<key>isa</key>
			<string>PBXBuildFile</string>
		</dict>
		<key>67C312821CC82F1000F665C2</key>
		<dict>
			<key>isa</key>
			<string>PBXFileReference</string>
			<key>lastKnownFileType</key>
			<string>file.playground</string>
			<key>name</key>
			<string>ZulipPlayground.playground</string>
			<key>path</key>
			<string>ZulipReader/ZulipPlayground.playground</string>
			<key>sourceTree</key>
			<string>&lt;group&gt;</string>
		</dict>
		<key>67C312831CC8381C00F665C2</key>
		<dict>
			<key>fileEncoding</key>
			<string>4</string>
			<key>isa</key>
			<string>PBXFileReference</string>
			<key>lastKnownFileType</key>
			<string>sourcecode.swift</string>
			<key>name</key>
			<string>EmojiDictionary.swift</string>
			<key>path</key>
			<string>ZulipReader/EmojiDictionary.swift</string>
			<key>sourceTree</key>
			<string>&lt;group&gt;</string>
		</dict>
		<key>67C312841CC8381C00F665C2</key>
		<dict>
			<key>fileRef</key>
			<string>67C312831CC8381C00F665C2</string>
			<key>isa</key>
			<string>PBXBuildFile</string>
		</dict>
		<key>67C312871CC8AF7B00F665C2</key>
		<dict>
			<key>fileEncoding</key>
			<string>4</string>
			<key>isa</key>
			<string>PBXFileReference</string>
			<key>lastKnownFileType</key>
			<string>sourcecode.swift</string>
			<key>path</key>
			<string>ReverseEmojiDictionary.swift</string>
			<key>sourceTree</key>
			<string>&lt;group&gt;</string>
		</dict>
		<key>67C312881CC8AF7B00F665C2</key>
		<dict>
			<key>fileRef</key>
			<string>67C312871CC8AF7B00F665C2</string>
			<key>isa</key>
			<string>PBXBuildFile</string>
		</dict>
		<key>67C582B01C8B452E005D0C47</key>
		<dict>
			<key>fileEncoding</key>
			<string>4</string>
			<key>isa</key>
			<string>PBXFileReference</string>
			<key>lastKnownFileType</key>
			<string>file.xib</string>
			<key>path</key>
			<string>LoginView.xib</string>
			<key>sourceTree</key>
			<string>&lt;group&gt;</string>
		</dict>
		<key>67C582B11C8B452E005D0C47</key>
		<dict>
			<key>fileRef</key>
			<string>67C582B01C8B452E005D0C47</string>
			<key>isa</key>
			<string>PBXBuildFile</string>
		</dict>
		<key>67C582B51C8B5AD8005D0C47</key>
		<dict>
			<key>children</key>
			<array>
				<string>6785E7A31C6D05CD008ED151</string>
				<string>67DE8D2F1CADA48B00178DFD</string>
				<string>67F956591C6D3B3100A2EB85</string>
			</array>
			<key>isa</key>
			<string>PBXGroup</string>
			<key>name</key>
			<string>Realm</string>
			<key>sourceTree</key>
			<string>&lt;group&gt;</string>
		</dict>
		<key>67C582B61C8B5B3A005D0C47</key>
		<dict>
			<key>children</key>
			<array>
				<string>673251741C0A5D85009A546C</string>
				<string>67108EB21CD07B8A0004486A</string>
				<string>677F6AEE1C752D04005EB84E</string>
				<string>678A6BB61C10EBA200AE091B</string>
				<string>674EDAD81C8746C300FCAE67</string>
			</array>
			<key>isa</key>
			<string>PBXGroup</string>
			<key>name</key>
			<string>Public</string>
			<key>sourceTree</key>
			<string>&lt;group&gt;</string>
		</dict>
		<key>67C582B71C8B5B84005D0C47</key>
		<dict>
			<key>children</key>
			<array>
				<string>67D1F1C31BFA6AEA006F9468</string>
				<string>67A9DA7E1C1CCED900AEEF1B</string>
				<string>67D1F1BE1BFA6AEA006F9468</string>
				<string>67A9DA961C209D4600AEEF1B</string>
				<string>678A6BEA1C1227AD00AE091B</string>
			</array>
			<key>isa</key>
			<string>PBXGroup</string>
			<key>name</key>
			<string>Misc</string>
			<key>sourceTree</key>
			<string>&lt;group&gt;</string>
		</dict>
		<key>67D1F1AB1BFA6AEA006F9468</key>
		<dict>
			<key>children</key>
			<array>
				<string>67C312821CC82F1000F665C2</string>
				<string>67C312831CC8381C00F665C2</string>
				<string>67C312871CC8AF7B00F665C2</string>
				<string>67D1F1B61BFA6AEA006F9468</string>
				<string>67D1F1CB1BFA6AEA006F9468</string>
				<string>67D1F1B51BFA6AEA006F9468</string>
				<string>5C8E98633BCDDCEFAEEC1B78</string>
				<string>35CF3FA1758E3BD7487D2435</string>
			</array>
			<key>isa</key>
			<string>PBXGroup</string>
			<key>sourceTree</key>
			<string>&lt;group&gt;</string>
		</dict>
		<key>67D1F1AC1BFA6AEA006F9468</key>
		<dict>
			<key>attributes</key>
			<dict>
				<key>LastSwiftUpdateCheck</key>
				<string>0710</string>
				<key>LastUpgradeCheck</key>
				<string>0710</string>
				<key>ORGANIZATIONNAME</key>
				<string>Frank Tan</string>
				<key>TargetAttributes</key>
				<dict>
					<key>67D1F1B31BFA6AEA006F9468</key>
					<dict>
						<key>CreatedOnToolsVersion</key>
						<string>7.1.1</string>
						<key>DevelopmentTeam</key>
						<string>XPHUJ78MCR</string>
					</dict>
					<key>67D1F1C71BFA6AEA006F9468</key>
					<dict>
						<key>CreatedOnToolsVersion</key>
						<string>7.1.1</string>
						<key>DevelopmentTeam</key>
						<string>PSG9CH8BWU</string>
						<key>TestTargetID</key>
						<string>67D1F1B31BFA6AEA006F9468</string>
					</dict>
				</dict>
			</dict>
			<key>buildConfigurationList</key>
			<string>67D1F1AF1BFA6AEA006F9468</string>
			<key>compatibilityVersion</key>
			<string>Xcode 3.2</string>
			<key>developmentRegion</key>
			<string>English</string>
			<key>hasScannedForEncodings</key>
			<string>0</string>
			<key>isa</key>
			<string>PBXProject</string>
			<key>knownRegions</key>
			<array>
				<string>en</string>
				<string>Base</string>
			</array>
			<key>mainGroup</key>
			<string>67D1F1AB1BFA6AEA006F9468</string>
			<key>productRefGroup</key>
			<string>67D1F1B51BFA6AEA006F9468</string>
			<key>projectDirPath</key>
			<string></string>
			<key>projectReferences</key>
			<array/>
			<key>projectRoot</key>
			<string></string>
			<key>targets</key>
			<array>
				<string>67D1F1B31BFA6AEA006F9468</string>
				<string>67D1F1C71BFA6AEA006F9468</string>
			</array>
		</dict>
		<key>67D1F1AF1BFA6AEA006F9468</key>
		<dict>
			<key>buildConfigurations</key>
			<array>
				<string>67D1F1CF1BFA6AEA006F9468</string>
				<string>67D1F1D01BFA6AEA006F9468</string>
			</array>
			<key>defaultConfigurationIsVisible</key>
			<string>0</string>
			<key>defaultConfigurationName</key>
			<string>Release</string>
			<key>isa</key>
			<string>XCConfigurationList</string>
		</dict>
		<key>67D1F1B01BFA6AEA006F9468</key>
		<dict>
			<key>buildActionMask</key>
			<string>2147483647</string>
			<key>files</key>
			<array>
				<string>67D1F1BA1BFA6AEA006F9468</string>
				<string>67108EB31CD07B8A0004486A</string>
				<string>67195EA61CA073C80079C4D5</string>
				<string>677F6AEF1C752D04005EB84E</string>
				<string>673251751C0A5D85009A546C</string>
				<string>6785E7A41C6D05CD008ED151</string>
				<string>67DE8D301CADA48B00178DFD</string>
				<string>67F9565A1C6D3B3100A2EB85</string>
				<string>67B91B971CA33F0800C87409</string>
				<string>670295021C1B65E500314A04</string>
				<string>676C98451BFD69360042CB26</string>
				<string>675883361CA1D9FF006EC2D0</string>
				<string>67A9DA8A1C1E934400AEEF1B</string>
				<string>67FFF1C51CC9E21400447E6C</string>
				<string>67C312881CC8AF7B00F665C2</string>
				<string>67C312841CC8381C00F665C2</string>
				<string>678A6BB51C0FA1E100AE091B</string>
				<string>67A9DA9A1C20D81900AEEF1B</string>
				<string>67B91B991CA3595900C87409</string>
				<string>67A9DA951C209D2300AEEF1B</string>
				<string>67166ED81CC2D0EF002D0E12</string>
				<string>67A1A8B11C03B6BF00CCA40D</string>
				<string>67108EB71CD0889C0004486A</string>
				<string>67A9DA981C20ACBA00AEEF1B</string>
				<string>67D1F1B81BFA6AEA006F9468</string>
				<string>674EDAD91C8746C300FCAE67</string>
				<string>678A6BB71C10EBA200AE091B</string>
				<string>6788F2AF1C7BCD5800AC1D71</string>
				<string>673251771C0A7154009A546C</string>
				<string>67A1A8AF1C03AC2F00CCA40D</string>
			</array>
			<key>isa</key>
			<string>PBXSourcesBuildPhase</string>
			<key>runOnlyForDeploymentPostprocessing</key>
			<string>0</string>
		</dict>
		<key>67D1F1B11BFA6AEA006F9468</key>
		<dict>
			<key>buildActionMask</key>
			<string>2147483647</string>
			<key>files</key>
			<array>
				<string>63D497D098F18F4716CE3954</string>
			</array>
			<key>isa</key>
			<string>PBXFrameworksBuildPhase</string>
			<key>runOnlyForDeploymentPostprocessing</key>
			<string>0</string>
		</dict>
		<key>67D1F1B21BFA6AEA006F9468</key>
		<dict>
			<key>buildActionMask</key>
			<string>2147483647</string>
			<key>files</key>
			<array>
				<string>678A6BE61C12279700AE091B</string>
				<string>67D1F1C21BFA6AEA006F9468</string>
				<string>678A6BE01C12279700AE091B</string>
				<string>678A6BE31C12279700AE091B</string>
				<string>678A6BE51C12279700AE091B</string>
				<string>678A6BE21C12279700AE091B</string>
				<string>67108EB51CD088910004486A</string>
				<string>67A9DA8C1C1E93CC00AEEF1B</string>
				<string>67BE80151C890CC00004D544</string>
				<string>67A9DA861C1E14E400AEEF1B</string>
				<string>678A6BE91C12279700AE091B</string>
				<string>67FFF1C31CC9DA4100447E6C</string>
				<string>67A9DA881C1E1C5100AEEF1B</string>
				<string>67A9DA841C1E0F5800AEEF1B</string>
				<string>67C582B11C8B452E005D0C47</string>
				<string>67D1F1BF1BFA6AEA006F9468</string>
				<string>678A6BE41C12279700AE091B</string>
				<string>678A6BDE1C12279700AE091B</string>
				<string>678A6BE81C12279700AE091B</string>
				<string>678A6BE11C12279700AE091B</string>
				<string>678A6BE71C12279700AE091B</string>
				<string>678A6BDF1C12279700AE091B</string>
			</array>
			<key>isa</key>
			<string>PBXResourcesBuildPhase</string>
			<key>runOnlyForDeploymentPostprocessing</key>
			<string>0</string>
		</dict>
		<key>67D1F1B31BFA6AEA006F9468</key>
		<dict>
			<key>buildConfigurationList</key>
			<string>67D1F1D11BFA6AEA006F9468</string>
			<key>buildPhases</key>
			<array>
				<string>02D73B479D96462D0F032767</string>
				<string>67D1F1B01BFA6AEA006F9468</string>
				<string>67D1F1B11BFA6AEA006F9468</string>
				<string>67D1F1B21BFA6AEA006F9468</string>
				<string>B8384D2A5697DA2C694404B4</string>
				<string>A56C38A4838EDBCCD2ADD08B</string>
			</array>
			<key>buildRules</key>
			<array/>
			<key>dependencies</key>
			<array/>
			<key>isa</key>
			<string>PBXNativeTarget</string>
			<key>name</key>
			<string>ZulipReader</string>
			<key>productName</key>
			<string>ZulipReader</string>
			<key>productReference</key>
			<string>67D1F1B41BFA6AEA006F9468</string>
			<key>productType</key>
			<string>com.apple.product-type.application</string>
		</dict>
		<key>67D1F1B41BFA6AEA006F9468</key>
		<dict>
			<key>explicitFileType</key>
			<string>wrapper.application</string>
			<key>includeInIndex</key>
			<string>0</string>
			<key>isa</key>
			<string>PBXFileReference</string>
			<key>path</key>
			<string>ZulipReader.app</string>
			<key>sourceTree</key>
			<string>BUILT_PRODUCTS_DIR</string>
		</dict>
		<key>67D1F1B51BFA6AEA006F9468</key>
		<dict>
			<key>children</key>
			<array>
				<string>67D1F1B41BFA6AEA006F9468</string>
				<string>67D1F1C81BFA6AEA006F9468</string>
			</array>
			<key>isa</key>
			<string>PBXGroup</string>
			<key>name</key>
			<string>Products</string>
			<key>sourceTree</key>
			<string>&lt;group&gt;</string>
		</dict>
		<key>67D1F1B61BFA6AEA006F9468</key>
		<dict>
			<key>children</key>
			<array>
				<string>67D1F1B71BFA6AEA006F9468</string>
				<string>67A1A8B01C03B6BF00CCA40D</string>
				<string>67166ED71CC2D0EF002D0E12</string>
				<string>67A9DA971C20ACBA00AEEF1B</string>
				<string>673251761C0A7154009A546C</string>
				<string>67B91B961CA33F0800C87409</string>
				<string>67AA647C1CCFC4A500B7726A</string>
				<string>67C582B61C8B5B3A005D0C47</string>
				<string>67C582B51C8B5AD8005D0C47</string>
				<string>67A9DA8E1C1F546600AEEF1B</string>
				<string>67A9DA8D1C1F544700AEEF1B</string>
				<string>67C582B71C8B5B84005D0C47</string>
			</array>
			<key>isa</key>
			<string>PBXGroup</string>
			<key>path</key>
			<string>ZulipReader</string>
			<key>sourceTree</key>
			<string>&lt;group&gt;</string>
		</dict>
		<key>67D1F1B71BFA6AEA006F9468</key>
		<dict>
			<key>isa</key>
			<string>PBXFileReference</string>
			<key>lastKnownFileType</key>
			<string>sourcecode.swift</string>
			<key>path</key>
			<string>AppDelegate.swift</string>
			<key>sourceTree</key>
			<string>&lt;group&gt;</string>
		</dict>
		<key>67D1F1B81BFA6AEA006F9468</key>
		<dict>
			<key>fileRef</key>
			<string>67D1F1B71BFA6AEA006F9468</string>
			<key>isa</key>
			<string>PBXBuildFile</string>
		</dict>
		<key>67D1F1B91BFA6AEA006F9468</key>
		<dict>
			<key>isa</key>
			<string>PBXFileReference</string>
			<key>lastKnownFileType</key>
			<string>sourcecode.swift</string>
			<key>path</key>
			<string>LoginViewController.swift</string>
			<key>sourceTree</key>
			<string>&lt;group&gt;</string>
		</dict>
		<key>67D1F1BA1BFA6AEA006F9468</key>
		<dict>
			<key>fileRef</key>
			<string>67D1F1B91BFA6AEA006F9468</string>
			<key>isa</key>
			<string>PBXBuildFile</string>
		</dict>
		<key>67D1F1BE1BFA6AEA006F9468</key>
		<dict>
			<key>isa</key>
			<string>PBXFileReference</string>
			<key>lastKnownFileType</key>
			<string>folder.assetcatalog</string>
			<key>path</key>
			<string>Assets.xcassets</string>
			<key>sourceTree</key>
			<string>&lt;group&gt;</string>
		</dict>
		<key>67D1F1BF1BFA6AEA006F9468</key>
		<dict>
			<key>fileRef</key>
			<string>67D1F1BE1BFA6AEA006F9468</string>
			<key>isa</key>
			<string>PBXBuildFile</string>
		</dict>
		<key>67D1F1C01BFA6AEA006F9468</key>
		<dict>
			<key>children</key>
			<array>
				<string>67D1F1C11BFA6AEA006F9468</string>
			</array>
			<key>isa</key>
			<string>PBXVariantGroup</string>
			<key>name</key>
			<string>LaunchScreen.storyboard</string>
			<key>sourceTree</key>
			<string>&lt;group&gt;</string>
		</dict>
		<key>67D1F1C11BFA6AEA006F9468</key>
		<dict>
			<key>isa</key>
			<string>PBXFileReference</string>
			<key>lastKnownFileType</key>
			<string>file.storyboard</string>
			<key>name</key>
			<string>Base</string>
			<key>path</key>
			<string>Base.lproj/LaunchScreen.storyboard</string>
			<key>sourceTree</key>
			<string>&lt;group&gt;</string>
		</dict>
		<key>67D1F1C21BFA6AEA006F9468</key>
		<dict>
			<key>fileRef</key>
			<string>67D1F1C01BFA6AEA006F9468</string>
			<key>isa</key>
			<string>PBXBuildFile</string>
		</dict>
		<key>67D1F1C31BFA6AEA006F9468</key>
		<dict>
			<key>isa</key>
			<string>PBXFileReference</string>
			<key>lastKnownFileType</key>
			<string>text.plist.xml</string>
			<key>path</key>
			<string>Info.plist</string>
			<key>sourceTree</key>
			<string>&lt;group&gt;</string>
		</dict>
		<key>67D1F1C41BFA6AEA006F9468</key>
		<dict>
			<key>buildActionMask</key>
			<string>2147483647</string>
			<key>files</key>
			<array>
				<string>67D1F1CD1BFA6AEA006F9468</string>
			</array>
			<key>isa</key>
			<string>PBXSourcesBuildPhase</string>
			<key>runOnlyForDeploymentPostprocessing</key>
			<string>0</string>
		</dict>
		<key>67D1F1C51BFA6AEA006F9468</key>
		<dict>
			<key>buildActionMask</key>
			<string>2147483647</string>
			<key>files</key>
			<array>
				<string>2C2C5BF5ACF8CDAF8E4E96AE</string>
			</array>
			<key>isa</key>
			<string>PBXFrameworksBuildPhase</string>
			<key>runOnlyForDeploymentPostprocessing</key>
			<string>0</string>
		</dict>
		<key>67D1F1C61BFA6AEA006F9468</key>
		<dict>
			<key>buildActionMask</key>
			<string>2147483647</string>
			<key>files</key>
			<array/>
			<key>isa</key>
			<string>PBXResourcesBuildPhase</string>
			<key>runOnlyForDeploymentPostprocessing</key>
			<string>0</string>
		</dict>
		<key>67D1F1C71BFA6AEA006F9468</key>
		<dict>
			<key>buildConfigurationList</key>
			<string>67D1F1D41BFA6AEA006F9468</string>
			<key>buildPhases</key>
			<array>
				<string>67D1F1C41BFA6AEA006F9468</string>
				<string>67D1F1C51BFA6AEA006F9468</string>
				<string>67D1F1C61BFA6AEA006F9468</string>
			</array>
			<key>buildRules</key>
			<array/>
			<key>dependencies</key>
			<array>
				<string>67D1F1CA1BFA6AEA006F9468</string>
			</array>
			<key>isa</key>
			<string>PBXNativeTarget</string>
			<key>name</key>
			<string>ZulipReaderTests</string>
			<key>productName</key>
			<string>ZulipReaderTests</string>
			<key>productReference</key>
			<string>67D1F1C81BFA6AEA006F9468</string>
			<key>productType</key>
			<string>com.apple.product-type.bundle.unit-test</string>
		</dict>
		<key>67D1F1C81BFA6AEA006F9468</key>
		<dict>
			<key>explicitFileType</key>
			<string>wrapper.cfbundle</string>
			<key>includeInIndex</key>
			<string>0</string>
			<key>isa</key>
			<string>PBXFileReference</string>
			<key>path</key>
			<string>ZulipReaderTests.xctest</string>
			<key>sourceTree</key>
			<string>BUILT_PRODUCTS_DIR</string>
		</dict>
		<key>67D1F1C91BFA6AEA006F9468</key>
		<dict>
			<key>containerPortal</key>
			<string>67D1F1AC1BFA6AEA006F9468</string>
			<key>isa</key>
			<string>PBXContainerItemProxy</string>
			<key>proxyType</key>
			<string>1</string>
			<key>remoteGlobalIDString</key>
			<string>67D1F1B31BFA6AEA006F9468</string>
			<key>remoteInfo</key>
			<string>ZulipReader</string>
		</dict>
		<key>67D1F1CA1BFA6AEA006F9468</key>
		<dict>
			<key>isa</key>
			<string>PBXTargetDependency</string>
			<key>target</key>
			<string>67D1F1B31BFA6AEA006F9468</string>
			<key>targetProxy</key>
			<string>67D1F1C91BFA6AEA006F9468</string>
		</dict>
		<key>67D1F1CB1BFA6AEA006F9468</key>
		<dict>
			<key>children</key>
			<array>
				<string>67D1F1CC1BFA6AEA006F9468</string>
				<string>67D1F1CE1BFA6AEA006F9468</string>
			</array>
			<key>isa</key>
			<string>PBXGroup</string>
			<key>path</key>
			<string>ZulipReaderTests</string>
			<key>sourceTree</key>
			<string>&lt;group&gt;</string>
		</dict>
		<key>67D1F1CC1BFA6AEA006F9468</key>
		<dict>
			<key>isa</key>
			<string>PBXFileReference</string>
			<key>lastKnownFileType</key>
			<string>sourcecode.swift</string>
			<key>path</key>
			<string>ZulipReaderTests.swift</string>
			<key>sourceTree</key>
			<string>&lt;group&gt;</string>
		</dict>
		<key>67D1F1CD1BFA6AEA006F9468</key>
		<dict>
			<key>fileRef</key>
			<string>67D1F1CC1BFA6AEA006F9468</string>
			<key>isa</key>
			<string>PBXBuildFile</string>
		</dict>
		<key>67D1F1CE1BFA6AEA006F9468</key>
		<dict>
			<key>isa</key>
			<string>PBXFileReference</string>
			<key>lastKnownFileType</key>
			<string>text.plist.xml</string>
			<key>path</key>
			<string>Info.plist</string>
			<key>sourceTree</key>
			<string>&lt;group&gt;</string>
		</dict>
		<key>67D1F1CF1BFA6AEA006F9468</key>
		<dict>
			<key>buildSettings</key>
			<dict>
				<key>ALWAYS_SEARCH_USER_PATHS</key>
				<string>NO</string>
				<key>CLANG_CXX_LANGUAGE_STANDARD</key>
				<string>gnu++0x</string>
				<key>CLANG_CXX_LIBRARY</key>
				<string>libc++</string>
				<key>CLANG_ENABLE_MODULES</key>
				<string>YES</string>
				<key>CLANG_ENABLE_OBJC_ARC</key>
				<string>YES</string>
				<key>CLANG_WARN_BOOL_CONVERSION</key>
				<string>YES</string>
				<key>CLANG_WARN_CONSTANT_CONVERSION</key>
				<string>YES</string>
				<key>CLANG_WARN_DIRECT_OBJC_ISA_USAGE</key>
				<string>YES_ERROR</string>
				<key>CLANG_WARN_EMPTY_BODY</key>
				<string>YES</string>
				<key>CLANG_WARN_ENUM_CONVERSION</key>
				<string>YES</string>
				<key>CLANG_WARN_INT_CONVERSION</key>
				<string>YES</string>
				<key>CLANG_WARN_OBJC_ROOT_CLASS</key>
				<string>YES_ERROR</string>
				<key>CLANG_WARN_UNREACHABLE_CODE</key>
				<string>YES</string>
				<key>CLANG_WARN__DUPLICATE_METHOD_MATCH</key>
				<string>YES</string>
				<key>CODE_SIGN_IDENTITY[sdk=iphoneos*]</key>
				<string>iPhone Developer</string>
				<key>COPY_PHASE_STRIP</key>
				<string>NO</string>
				<key>DEBUG_INFORMATION_FORMAT</key>
				<string>dwarf</string>
				<key>ENABLE_STRICT_OBJC_MSGSEND</key>
				<string>YES</string>
				<key>ENABLE_TESTABILITY</key>
				<string>YES</string>
				<key>GCC_C_LANGUAGE_STANDARD</key>
				<string>gnu99</string>
				<key>GCC_DYNAMIC_NO_PIC</key>
				<string>NO</string>
				<key>GCC_NO_COMMON_BLOCKS</key>
				<string>YES</string>
				<key>GCC_OPTIMIZATION_LEVEL</key>
				<string>0</string>
				<key>GCC_PREPROCESSOR_DEFINITIONS</key>
				<array>
					<string>DEBUG=1</string>
					<string>$(inherited)</string>
				</array>
				<key>GCC_WARN_64_TO_32_BIT_CONVERSION</key>
				<string>YES</string>
				<key>GCC_WARN_ABOUT_RETURN_TYPE</key>
				<string>YES_ERROR</string>
				<key>GCC_WARN_UNDECLARED_SELECTOR</key>
				<string>YES</string>
				<key>GCC_WARN_UNINITIALIZED_AUTOS</key>
				<string>YES_AGGRESSIVE</string>
				<key>GCC_WARN_UNUSED_FUNCTION</key>
				<string>YES</string>
				<key>GCC_WARN_UNUSED_VARIABLE</key>
				<string>YES</string>
				<key>IPHONEOS_DEPLOYMENT_TARGET</key>
				<string>9.1</string>
				<key>MTL_ENABLE_DEBUG_INFO</key>
				<string>YES</string>
				<key>ONLY_ACTIVE_ARCH</key>
				<string>YES</string>
				<key>SDKROOT</key>
				<string>iphoneos</string>
				<key>SWIFT_OPTIMIZATION_LEVEL</key>
				<string>-Onone</string>
				<key>TARGETED_DEVICE_FAMILY</key>
				<string>1,2</string>
			</dict>
			<key>isa</key>
			<string>XCBuildConfiguration</string>
			<key>name</key>
			<string>Debug</string>
		</dict>
		<key>67D1F1D01BFA6AEA006F9468</key>
		<dict>
			<key>buildSettings</key>
			<dict>
				<key>ALWAYS_SEARCH_USER_PATHS</key>
				<string>NO</string>
				<key>CLANG_CXX_LANGUAGE_STANDARD</key>
				<string>gnu++0x</string>
				<key>CLANG_CXX_LIBRARY</key>
				<string>libc++</string>
				<key>CLANG_ENABLE_MODULES</key>
				<string>YES</string>
				<key>CLANG_ENABLE_OBJC_ARC</key>
				<string>YES</string>
				<key>CLANG_WARN_BOOL_CONVERSION</key>
				<string>YES</string>
				<key>CLANG_WARN_CONSTANT_CONVERSION</key>
				<string>YES</string>
				<key>CLANG_WARN_DIRECT_OBJC_ISA_USAGE</key>
				<string>YES_ERROR</string>
				<key>CLANG_WARN_EMPTY_BODY</key>
				<string>YES</string>
				<key>CLANG_WARN_ENUM_CONVERSION</key>
				<string>YES</string>
				<key>CLANG_WARN_INT_CONVERSION</key>
				<string>YES</string>
				<key>CLANG_WARN_OBJC_ROOT_CLASS</key>
				<string>YES_ERROR</string>
				<key>CLANG_WARN_UNREACHABLE_CODE</key>
				<string>YES</string>
				<key>CLANG_WARN__DUPLICATE_METHOD_MATCH</key>
				<string>YES</string>
				<key>CODE_SIGN_IDENTITY[sdk=iphoneos*]</key>
				<string>iPhone Developer</string>
				<key>COPY_PHASE_STRIP</key>
				<string>NO</string>
				<key>DEBUG_INFORMATION_FORMAT</key>
				<string>dwarf-with-dsym</string>
				<key>ENABLE_NS_ASSERTIONS</key>
				<string>NO</string>
				<key>ENABLE_STRICT_OBJC_MSGSEND</key>
				<string>YES</string>
				<key>GCC_C_LANGUAGE_STANDARD</key>
				<string>gnu99</string>
				<key>GCC_NO_COMMON_BLOCKS</key>
				<string>YES</string>
				<key>GCC_WARN_64_TO_32_BIT_CONVERSION</key>
				<string>YES</string>
				<key>GCC_WARN_ABOUT_RETURN_TYPE</key>
				<string>YES_ERROR</string>
				<key>GCC_WARN_UNDECLARED_SELECTOR</key>
				<string>YES</string>
				<key>GCC_WARN_UNINITIALIZED_AUTOS</key>
				<string>YES_AGGRESSIVE</string>
				<key>GCC_WARN_UNUSED_FUNCTION</key>
				<string>YES</string>
				<key>GCC_WARN_UNUSED_VARIABLE</key>
				<string>YES</string>
				<key>IPHONEOS_DEPLOYMENT_TARGET</key>
				<string>9.1</string>
				<key>MTL_ENABLE_DEBUG_INFO</key>
				<string>NO</string>
				<key>SDKROOT</key>
				<string>iphoneos</string>
				<key>TARGETED_DEVICE_FAMILY</key>
				<string>1,2</string>
				<key>VALIDATE_PRODUCT</key>
				<string>YES</string>
			</dict>
			<key>isa</key>
			<string>XCBuildConfiguration</string>
			<key>name</key>
			<string>Release</string>
		</dict>
		<key>67D1F1D11BFA6AEA006F9468</key>
		<dict>
			<key>buildConfigurations</key>
			<array>
				<string>67D1F1D21BFA6AEA006F9468</string>
				<string>67D1F1D31BFA6AEA006F9468</string>
			</array>
			<key>defaultConfigurationIsVisible</key>
			<string>0</string>
			<key>defaultConfigurationName</key>
			<string>Release</string>
			<key>isa</key>
			<string>XCConfigurationList</string>
		</dict>
		<key>67D1F1D21BFA6AEA006F9468</key>
		<dict>
			<key>baseConfigurationReference</key>
			<string>9F04EB0F8BC62210D5A87522</string>
			<key>buildSettings</key>
			<dict>
				<key>ASSETCATALOG_COMPILER_APPICON_NAME</key>
				<string>AppIcon</string>
				<key>CLANG_ENABLE_MODULES</key>
				<string>YES</string>
				<key>CODE_SIGN_IDENTITY</key>
				<string>iPhone Developer</string>
				<key>DEBUG_INFORMATION_FORMAT</key>
				<string>dwarf-with-dsym</string>
				<key>INFOPLIST_FILE</key>
				<string>ZulipReader/Info.plist</string>
				<key>LD_RUNPATH_SEARCH_PATHS</key>
				<string>$(inherited) @executable_path/Frameworks</string>
				<key>PRODUCT_BUNDLE_IDENTIFIER</key>
				<string>com.frankctan.ZulipReader</string>
				<key>PRODUCT_NAME</key>
				<string>$(TARGET_NAME)</string>
				<key>SWIFT_OBJC_BRIDGING_HEADER</key>
				<string>ZulipReader/ZulipReader-Bridging-Header.h</string>
				<key>SWIFT_OPTIMIZATION_LEVEL</key>
				<string>-Onone</string>
				<key>TARGETED_DEVICE_FAMILY</key>
				<string>1</string>
			</dict>
			<key>isa</key>
			<string>XCBuildConfiguration</string>
			<key>name</key>
			<string>Debug</string>
		</dict>
		<key>67D1F1D31BFA6AEA006F9468</key>
		<dict>
			<key>baseConfigurationReference</key>
			<string>8F4898B0606AA4E6F80275B1</string>
			<key>buildSettings</key>
			<dict>
				<key>ASSETCATALOG_COMPILER_APPICON_NAME</key>
				<string>AppIcon</string>
				<key>CLANG_ENABLE_MODULES</key>
				<string>YES</string>
				<key>CODE_SIGN_IDENTITY</key>
				<string>iPhone Developer</string>
				<key>INFOPLIST_FILE</key>
				<string>ZulipReader/Info.plist</string>
				<key>LD_RUNPATH_SEARCH_PATHS</key>
				<string>$(inherited) @executable_path/Frameworks</string>
				<key>PRODUCT_BUNDLE_IDENTIFIER</key>
				<string>com.frankctan.ZulipReader</string>
				<key>PRODUCT_NAME</key>
				<string>$(TARGET_NAME)</string>
				<key>SWIFT_OBJC_BRIDGING_HEADER</key>
				<string>ZulipReader/ZulipReader-Bridging-Header.h</string>
				<key>TARGETED_DEVICE_FAMILY</key>
				<string>1</string>
			</dict>
			<key>isa</key>
			<string>XCBuildConfiguration</string>
			<key>name</key>
			<string>Release</string>
		</dict>
		<key>67D1F1D41BFA6AEA006F9468</key>
		<dict>
			<key>buildConfigurations</key>
			<array>
				<string>67D1F1D51BFA6AEA006F9468</string>
				<string>67D1F1D61BFA6AEA006F9468</string>
			</array>
			<key>defaultConfigurationIsVisible</key>
			<string>0</string>
			<key>defaultConfigurationName</key>
			<string>Release</string>
			<key>isa</key>
			<string>XCConfigurationList</string>
		</dict>
		<key>67D1F1D51BFA6AEA006F9468</key>
		<dict>
			<key>buildSettings</key>
			<dict>
				<key>BUNDLE_LOADER</key>
				<string>$(TEST_HOST)</string>
				<key>INFOPLIST_FILE</key>
				<string>ZulipReaderTests/Info.plist</string>
				<key>LD_RUNPATH_SEARCH_PATHS</key>
				<string>$(inherited) @executable_path/Frameworks @loader_path/Frameworks</string>
				<key>PRODUCT_BUNDLE_IDENTIFIER</key>
				<string>com.example.ZulipReaderTests</string>
				<key>PRODUCT_NAME</key>
				<string>$(TARGET_NAME)</string>
				<key>TEST_HOST</key>
				<string>$(BUILT_PRODUCTS_DIR)/ZulipReader.app/ZulipReader</string>
			</dict>
			<key>isa</key>
			<string>XCBuildConfiguration</string>
			<key>name</key>
			<string>Debug</string>
		</dict>
		<key>67D1F1D61BFA6AEA006F9468</key>
		<dict>
			<key>buildSettings</key>
			<dict>
				<key>BUNDLE_LOADER</key>
				<string>$(TEST_HOST)</string>
				<key>INFOPLIST_FILE</key>
				<string>ZulipReaderTests/Info.plist</string>
				<key>LD_RUNPATH_SEARCH_PATHS</key>
				<string>$(inherited) @executable_path/Frameworks @loader_path/Frameworks</string>
				<key>PRODUCT_BUNDLE_IDENTIFIER</key>
				<string>com.example.ZulipReaderTests</string>
				<key>PRODUCT_NAME</key>
				<string>$(TARGET_NAME)</string>
				<key>TEST_HOST</key>
				<string>$(BUILT_PRODUCTS_DIR)/ZulipReader.app/ZulipReader</string>
			</dict>
			<key>isa</key>
			<string>XCBuildConfiguration</string>
			<key>name</key>
			<string>Release</string>
		</dict>
		<key>67DE8D2F1CADA48B00178DFD</key>
		<dict>
			<key>fileEncoding</key>
			<string>4</string>
			<key>isa</key>
			<string>PBXFileReference</string>
			<key>lastKnownFileType</key>
			<string>sourcecode.swift</string>
			<key>path</key>
			<string>MessageMarker.swift</string>
			<key>sourceTree</key>
			<string>&lt;group&gt;</string>
		</dict>
		<key>67DE8D301CADA48B00178DFD</key>
		<dict>
			<key>fileRef</key>
			<string>67DE8D2F1CADA48B00178DFD</string>
			<key>isa</key>
			<string>PBXBuildFile</string>
		</dict>
		<key>67F956591C6D3B3100A2EB85</key>
		<dict>
			<key>fileEncoding</key>
			<string>4</string>
			<key>isa</key>
			<string>PBXFileReference</string>
			<key>lastKnownFileType</key>
			<string>sourcecode.swift</string>
			<key>path</key>
			<string>Subscription.swift</string>
			<key>sourceTree</key>
			<string>&lt;group&gt;</string>
		</dict>
		<key>67F9565A1C6D3B3100A2EB85</key>
		<dict>
			<key>fileRef</key>
			<string>67F956591C6D3B3100A2EB85</string>
			<key>isa</key>
			<string>PBXBuildFile</string>
		</dict>
		<key>67FFF1C21CC9DA4100447E6C</key>
		<dict>
			<key>fileEncoding</key>
			<string>4</string>
			<key>isa</key>
			<string>PBXFileReference</string>
			<key>lastKnownFileType</key>
			<string>file.xib</string>
			<key>path</key>
			<string>NavBarTitle.xib</string>
			<key>sourceTree</key>
			<string>&lt;group&gt;</string>
		</dict>
		<key>67FFF1C31CC9DA4100447E6C</key>
		<dict>
			<key>fileRef</key>
			<string>67FFF1C21CC9DA4100447E6C</string>
			<key>isa</key>
			<string>PBXBuildFile</string>
		</dict>
		<key>67FFF1C41CC9E21400447E6C</key>
		<dict>
			<key>fileEncoding</key>
			<string>4</string>
			<key>isa</key>
			<string>PBXFileReference</string>
			<key>lastKnownFileType</key>
			<string>sourcecode.swift</string>
			<key>path</key>
			<string>NavBarTitle.swift</string>
			<key>sourceTree</key>
			<string>&lt;group&gt;</string>
		</dict>
		<key>67FFF1C51CC9E21400447E6C</key>
		<dict>
			<key>fileRef</key>
			<string>67FFF1C41CC9E21400447E6C</string>
			<key>isa</key>
			<string>PBXBuildFile</string>
		</dict>
		<key>8F4898B0606AA4E6F80275B1</key>
		<dict>
			<key>includeInIndex</key>
			<string>1</string>
			<key>isa</key>
			<string>PBXFileReference</string>
			<key>lastKnownFileType</key>
			<string>text.xcconfig</string>
			<key>name</key>
			<string>Pods-ZulipReader.release.xcconfig</string>
			<key>path</key>
			<string>Pods/Target Support Files/Pods-ZulipReader/Pods-ZulipReader.release.xcconfig</string>
			<key>sourceTree</key>
			<string>&lt;group&gt;</string>
		</dict>
		<key>9F04EB0F8BC62210D5A87522</key>
		<dict>
			<key>includeInIndex</key>
			<string>1</string>
			<key>isa</key>
			<string>PBXFileReference</string>
			<key>lastKnownFileType</key>
			<string>text.xcconfig</string>
			<key>name</key>
			<string>Pods-ZulipReader.debug.xcconfig</string>
			<key>path</key>
			<string>Pods/Target Support Files/Pods-ZulipReader/Pods-ZulipReader.debug.xcconfig</string>
			<key>sourceTree</key>
			<string>&lt;group&gt;</string>
		</dict>
		<key>A56C38A4838EDBCCD2ADD08B</key>
		<dict>
			<key>buildActionMask</key>
			<string>2147483647</string>
			<key>files</key>
			<array/>
			<key>inputPaths</key>
			<array/>
			<key>isa</key>
			<string>PBXShellScriptBuildPhase</string>
			<key>name</key>
			<string>Copy Pods Resources</string>
			<key>outputPaths</key>
			<array/>
			<key>runOnlyForDeploymentPostprocessing</key>
			<string>0</string>
			<key>shellPath</key>
			<string>/bin/sh</string>
			<key>shellScript</key>
			<string>"${SRCROOT}/Pods/Target Support Files/Pods-ZulipReader/Pods-ZulipReader-resources.sh"
</string>
			<key>showEnvVarsInLog</key>
			<string>0</string>
		</dict>
		<key>B8384D2A5697DA2C694404B4</key>
		<dict>
			<key>buildActionMask</key>
			<string>2147483647</string>
			<key>files</key>
			<array/>
			<key>inputPaths</key>
			<array/>
			<key>isa</key>
			<string>PBXShellScriptBuildPhase</string>
			<key>name</key>
			<string>Embed Pods Frameworks</string>
			<key>outputPaths</key>
			<array/>
			<key>runOnlyForDeploymentPostprocessing</key>
			<string>0</string>
			<key>shellPath</key>
			<string>/bin/sh</string>
			<key>shellScript</key>
			<string>"${SRCROOT}/Pods/Target Support Files/Pods-ZulipReader/Pods-ZulipReader-frameworks.sh"
</string>
			<key>showEnvVarsInLog</key>
			<string>0</string>
		</dict>
		<key>C6AB93339AFD280F7DC56DBE</key>
		<dict>
			<key>explicitFileType</key>
			<string>wrapper.framework</string>
			<key>includeInIndex</key>
			<string>0</string>
			<key>isa</key>
			<string>PBXFileReference</string>
			<key>path</key>
			<string>Pods.framework</string>
			<key>sourceTree</key>
			<string>BUILT_PRODUCTS_DIR</string>
		</dict>
	</dict>
	<key>rootObject</key>
	<string>67D1F1AC1BFA6AEA006F9468</string>
</dict>
</plist>
